
Microsoft Visual Studio Solution File, Format Version 12.00
# Visual Studio Version 17
VisualStudioVersion = 17.7.34031.279
MinimumVisualStudioVersion = 10.0.40219.1
Project("{2150E333-8FDC-42A3-9474-1A3956D46DE8}") = "SRC", "SRC", "{5E5D7D3F-B7D5-4ABF-91B1-081D5560C591}"
EndProject
Project("{2150E333-8FDC-42A3-9474-1A3956D46DE8}") = "00.Core", "00.Core", "{66CF4D96-DE06-4427-B2E2-84A880604574}"
EndProject
Project("{2150E333-8FDC-42A3-9474-1A3956D46DE8}") = "01.EnterpriseBusinessRules", "01.EnterpriseBusinessRules", "{4EC78008-936A-4ADD-BF42-D5C29164D68E}"
EndProject
Project("{2150E333-8FDC-42A3-9474-1A3956D46DE8}") = "02.ApplicationsBusinessRules", "02.ApplicationsBusinessRules", "{A00D2B32-AAB0-4D0B-A623-47CA995B4431}"
EndProject
Project("{2150E333-8FDC-42A3-9474-1A3956D46DE8}") = "03.InterfacesAdapters", "03.InterfacesAdapters", "{2015BB05-A62E-44C4-8D31-29724E5A10C8}"
EndProject
Project("{2150E333-8FDC-42A3-9474-1A3956D46DE8}") = "04.Frameworks&Drivers", "04.Frameworks&Drivers", "{52E1B9D7-C283-4458-B21D-420CABD6CB32}"
EndProject
Project("{FAE04EC0-301F-11D3-BF4B-00C04F79EFBC}") = "Stock.Entities", "Stock.COMMON\Stock.Entities.csproj", "{11A05A52-F8A3-45FF-A4DA-98794FB3E7BF}"
EndProject
Project("{2150E333-8FDC-42A3-9474-1A3956D46DE8}") = "Controllers", "Controllers", "{03FBAEE3-5FF1-4C65-92C1-9FE03DFC3FED}"
EndProject
Project("{2150E333-8FDC-42A3-9474-1A3956D46DE8}") = "Repositories", "Repositories", "{9004976C-494E-4131-A284-DD2A2368E407}"
EndProject
Project("{2150E333-8FDC-42A3-9474-1A3956D46DE8}") = "Gateways", "Gateways", "{7625C9AA-D0A2-405B-B6C4-81779C0F7C2F}"
EndProject
Project("{2150E333-8FDC-42A3-9474-1A3956D46DE8}") = "BusinessObject", "BusinessObject", "{030B63AC-99A3-4576-A441-782B081F3EB7}"
EndProject
Project("{FAE04EC0-301F-11D3-BF4B-00C04F79EFBC}") = "Stock.BusinessRules", "Stock.BusinessRules\Stock.BusinessRules.csproj", "{8BDDD951-756E-41CC-857E-34B53C0C76A4}"
EndProject
Project("{2150E333-8FDC-42A3-9474-1A3956D46DE8}") = "UseCases", "UseCases", "{B270FE5A-ACDF-411E-9C6F-12684546F565}"
EndProject
Project("{9A19103F-16F7-4668-BE54-9A1E7A4F7556}") = "Stock.Repositories", "Stock.Repositories\Stock.Repositories.csproj", "{FA1369C1-DD05-4542-A327-DDA6F2F2FEB3}"
EndProject
Project("{FAE04EC0-301F-11D3-BF4B-00C04F79EFBC}") = "Stock.UsesCase", "Stock.UsesCase\Stock.UsesCase.csproj", "{216DB1BA-41C6-4F2D-AD3C-E8020DB74D34}"
EndProject
Global
	GlobalSection(SolutionConfigurationPlatforms) = preSolution
		Debug|Any CPU = Debug|Any CPU
		Release|Any CPU = Release|Any CPU
	EndGlobalSection
	GlobalSection(ProjectConfigurationPlatforms) = postSolution
		{11A05A52-F8A3-45FF-A4DA-98794FB3E7BF}.Debug|Any CPU.ActiveCfg = Debug|Any CPU
		{11A05A52-F8A3-45FF-A4DA-98794FB3E7BF}.Debug|Any CPU.Build.0 = Debug|Any CPU
		{11A05A52-F8A3-45FF-A4DA-98794FB3E7BF}.Release|Any CPU.ActiveCfg = Release|Any CPU
		{11A05A52-F8A3-45FF-A4DA-98794FB3E7BF}.Release|Any CPU.Build.0 = Release|Any CPU
		{8BDDD951-756E-41CC-857E-34B53C0C76A4}.Debug|Any CPU.ActiveCfg = Debug|Any CPU
		{8BDDD951-756E-41CC-857E-34B53C0C76A4}.Debug|Any CPU.Build.0 = Debug|Any CPU
		{8BDDD951-756E-41CC-857E-34B53C0C76A4}.Release|Any CPU.ActiveCfg = Release|Any CPU
		{8BDDD951-756E-41CC-857E-34B53C0C76A4}.Release|Any CPU.Build.0 = Release|Any CPU
		{FA1369C1-DD05-4542-A327-DDA6F2F2FEB3}.Debug|Any CPU.ActiveCfg = Debug|Any CPU
		{FA1369C1-DD05-4542-A327-DDA6F2F2FEB3}.Debug|Any CPU.Build.0 = Debug|Any CPU
		{FA1369C1-DD05-4542-A327-DDA6F2F2FEB3}.Release|Any CPU.ActiveCfg = Release|Any CPU
		{FA1369C1-DD05-4542-A327-DDA6F2F2FEB3}.Release|Any CPU.Build.0 = Release|Any CPU
		{216DB1BA-41C6-4F2D-AD3C-E8020DB74D34}.Debug|Any CPU.ActiveCfg = Debug|Any CPU
		{216DB1BA-41C6-4F2D-AD3C-E8020DB74D34}.Debug|Any CPU.Build.0 = Debug|Any CPU
		{216DB1BA-41C6-4F2D-AD3C-E8020DB74D34}.Release|Any CPU.ActiveCfg = Release|Any CPU
		{216DB1BA-41C6-4F2D-AD3C-E8020DB74D34}.Release|Any CPU.Build.0 = Release|Any CPU
	EndGlobalSection
	GlobalSection(SolutionProperties) = preSolution
		HideSolutionNode = FALSE
	EndGlobalSection
	GlobalSection(NestedProjects) = preSolution
		{66CF4D96-DE06-4427-B2E2-84A880604574} = {5E5D7D3F-B7D5-4ABF-91B1-081D5560C591}
		{4EC78008-936A-4ADD-BF42-D5C29164D68E} = {66CF4D96-DE06-4427-B2E2-84A880604574}
		{A00D2B32-AAB0-4D0B-A623-47CA995B4431} = {66CF4D96-DE06-4427-B2E2-84A880604574}
		{2015BB05-A62E-44C4-8D31-29724E5A10C8} = {5E5D7D3F-B7D5-4ABF-91B1-081D5560C591}
		{52E1B9D7-C283-4458-B21D-420CABD6CB32} = {5E5D7D3F-B7D5-4ABF-91B1-081D5560C591}
		{11A05A52-F8A3-45FF-A4DA-98794FB3E7BF} = {4EC78008-936A-4ADD-BF42-D5C29164D68E}
		{03FBAEE3-5FF1-4C65-92C1-9FE03DFC3FED} = {2015BB05-A62E-44C4-8D31-29724E5A10C8}
		{9004976C-494E-4131-A284-DD2A2368E407} = {7625C9AA-D0A2-405B-B6C4-81779C0F7C2F}
		{7625C9AA-D0A2-405B-B6C4-81779C0F7C2F} = {2015BB05-A62E-44C4-8D31-29724E5A10C8}
		{030B63AC-99A3-4576-A441-782B081F3EB7} = {A00D2B32-AAB0-4D0B-A623-47CA995B4431}
		{8BDDD951-756E-41CC-857E-34B53C0C76A4} = {030B63AC-99A3-4576-A441-782B081F3EB7}
		{B270FE5A-ACDF-411E-9C6F-12684546F565} = {A00D2B32-AAB0-4D0B-A623-47CA995B4431}
		{FA1369C1-DD05-4542-A327-DDA6F2F2FEB3} = {9004976C-494E-4131-A284-DD2A2368E407}
		{216DB1BA-41C6-4F2D-AD3C-E8020DB74D34} = {B270FE5A-ACDF-411E-9C6F-12684546F565}
	EndGlobalSection
	GlobalSection(ExtensibilityGlobals) = postSolution
		SolutionGuid = {085A4780-58D9-4B79-9BB0-E8C420AFFE0B}
	EndGlobalSection
EndGlobal
